
Microsoft Visual Studio Solution File, Format Version 12.00
Project("{FAE04EC0-301F-11D3-BF4B-00C04F79EFBC}") = "AbstractFactory", "AbstractFactory\AbstractFactory.csproj", "{16BA2BDE-A5B0-4B1F-9616-42A9768804D5}"
EndProject
Project("{FAE04EC0-301F-11D3-BF4B-00C04F79EFBC}") = "Builder", "Builder\Builder.csproj", "{0C2FCBBE-8BD4-4DC2-8689-6AC1DC5C49BF}"
EndProject
Project("{FAE04EC0-301F-11D3-BF4B-00C04F79EFBC}") = "FactoryMethod", "FactoryMethod\FactoryMethod.csproj", "{1B2EC0C7-6A85-4905-BC8A-F872A2E0B271}"
EndProject
Project("{FAE04EC0-301F-11D3-BF4B-00C04F79EFBC}") = "Prototype", "Prototype\Prototype.csproj", "{F56BDB6C-2FEA-44B8-833C-7E4C94D1C237}"
EndProject
Project("{FAE04EC0-301F-11D3-BF4B-00C04F79EFBC}") = "Singleton", "Singleton\Singleton.csproj", "{BBFCA44C-1397-4AA5-9E50-C0DB9A495BBF}"
EndProject
Project("{FAE04EC0-301F-11D3-BF4B-00C04F79EFBC}") = "Adapter", "Adapter\Adapter.csproj", "{465C0D36-C81F-4250-9A86-D3CBDE27C3B7}"
EndProject
Project("{FAE04EC0-301F-11D3-BF4B-00C04F79EFBC}") = "Bridge", "Bridge\Bridge.csproj", "{A3BE12F4-4EC7-4CA7-934D-FBA5116B6AF6}"
EndProject
Project("{FAE04EC0-301F-11D3-BF4B-00C04F79EFBC}") = "Composite", "Composite\Composite.csproj", "{E237C134-624E-42AF-832C-AF3E1A4B9CAA}"
EndProject
Project("{FAE04EC0-301F-11D3-BF4B-00C04F79EFBC}") = "Decorator", "Decorator\Decorator.csproj", "{BF010CCD-5003-4FD8-AD64-79074BA956A9}"
EndProject
Project("{FAE04EC0-301F-11D3-BF4B-00C04F79EFBC}") = "Facade", "Facade\Facade.csproj", "{14363E94-88F9-45A4-BFD4-031EBAD281C0}"
EndProject
Project("{FAE04EC0-301F-11D3-BF4B-00C04F79EFBC}") = "Flyweight", "Flyweight\Flyweight.csproj", "{3422D2B1-0834-4A01-9DDF-78CF8477F0AF}"
EndProject
Project("{FAE04EC0-301F-11D3-BF4B-00C04F79EFBC}") = "Proxy", "Proxy\Proxy.csproj", "{FC1961BE-3DE7-4DB6-99D8-A6934E0497C9}"
EndProject
Project("{FAE04EC0-301F-11D3-BF4B-00C04F79EFBC}") = "ChainOfResponsibility", "ChainOfResponsibility\ChainOfResponsibility.csproj", "{9434F5B0-073B-4B4A-AFF4-7CB791715AB7}"
EndProject
Project("{FAE04EC0-301F-11D3-BF4B-00C04F79EFBC}") = "Command", "Command\Command.csproj", "{AF2DCBFC-04F8-446B-A9A9-84B20CF389C6}"
EndProject
Project("{FAE04EC0-301F-11D3-BF4B-00C04F79EFBC}") = "Iterator", "Iterator\Iterator.csproj", "{D1170D6D-8814-4AFC-A8C6-5E3AB39C0AD5}"
EndProject
Project("{FAE04EC0-301F-11D3-BF4B-00C04F79EFBC}") = "Mediator", "Mediator\Mediator.csproj", "{1582C9D2-971C-4B96-A32B-BECD0E4124FC}"
EndProject
Project("{FAE04EC0-301F-11D3-BF4B-00C04F79EFBC}") = "Memento", "Memento\Memento.csproj", "{B0898491-6D35-4A0E-B428-D8EE4211AB5D}"
EndProject
Project("{FAE04EC0-301F-11D3-BF4B-00C04F79EFBC}") = "Observer", "Observer\Observer.csproj", "{CF52EEE9-CCA5-4515-A14E-6F9B058468BC}"
EndProject
Project("{FAE04EC0-301F-11D3-BF4B-00C04F79EFBC}") = "State", "State\State.csproj", "{B4C73171-4F79-4D1F-8585-EF42239394D2}"
EndProject
Project("{FAE04EC0-301F-11D3-BF4B-00C04F79EFBC}") = "Strategy", "Strategy\Strategy.csproj", "{A6F0008F-9528-43A1-868F-E622072AF248}"
EndProject
Project("{FAE04EC0-301F-11D3-BF4B-00C04F79EFBC}") = "TemplateMethod", "TemplateMethod\TemplateMethod.csproj", "{87105C7E-7C7A-41C2-AA6F-A75BB433B24C}"
EndProject
Project("{FAE04EC0-301F-11D3-BF4B-00C04F79EFBC}") = "Visitor", "Visitor\Visitor.csproj", "{0FF5249E-4D51-42F1-95E2-C23F63F5BB94}"
EndProject
Global
	GlobalSection(SolutionConfigurationPlatforms) = preSolution
		Debug|Any CPU = Debug|Any CPU
		Release|Any CPU = Release|Any CPU
	EndGlobalSection
	GlobalSection(ProjectConfigurationPlatforms) = postSolution
		{16BA2BDE-A5B0-4B1F-9616-42A9768804D5}.Debug|Any CPU.ActiveCfg = Debug|Any CPU
		{16BA2BDE-A5B0-4B1F-9616-42A9768804D5}.Debug|Any CPU.Build.0 = Debug|Any CPU
		{16BA2BDE-A5B0-4B1F-9616-42A9768804D5}.Release|Any CPU.ActiveCfg = Release|Any CPU
		{16BA2BDE-A5B0-4B1F-9616-42A9768804D5}.Release|Any CPU.Build.0 = Release|Any CPU
		{0C2FCBBE-8BD4-4DC2-8689-6AC1DC5C49BF}.Debug|Any CPU.ActiveCfg = Debug|Any CPU
		{0C2FCBBE-8BD4-4DC2-8689-6AC1DC5C49BF}.Debug|Any CPU.Build.0 = Debug|Any CPU
		{0C2FCBBE-8BD4-4DC2-8689-6AC1DC5C49BF}.Release|Any CPU.ActiveCfg = Release|Any CPU
		{0C2FCBBE-8BD4-4DC2-8689-6AC1DC5C49BF}.Release|Any CPU.Build.0 = Release|Any CPU
		{1B2EC0C7-6A85-4905-BC8A-F872A2E0B271}.Debug|Any CPU.ActiveCfg = Debug|Any CPU
		{1B2EC0C7-6A85-4905-BC8A-F872A2E0B271}.Debug|Any CPU.Build.0 = Debug|Any CPU
		{1B2EC0C7-6A85-4905-BC8A-F872A2E0B271}.Release|Any CPU.ActiveCfg = Release|Any CPU
		{1B2EC0C7-6A85-4905-BC8A-F872A2E0B271}.Release|Any CPU.Build.0 = Release|Any CPU
		{F56BDB6C-2FEA-44B8-833C-7E4C94D1C237}.Debug|Any CPU.ActiveCfg = Debug|Any CPU
		{F56BDB6C-2FEA-44B8-833C-7E4C94D1C237}.Debug|Any CPU.Build.0 = Debug|Any CPU
		{F56BDB6C-2FEA-44B8-833C-7E4C94D1C237}.Release|Any CPU.ActiveCfg = Release|Any CPU
		{F56BDB6C-2FEA-44B8-833C-7E4C94D1C237}.Release|Any CPU.Build.0 = Release|Any CPU
		{BBFCA44C-1397-4AA5-9E50-C0DB9A495BBF}.Debug|Any CPU.ActiveCfg = Debug|Any CPU
		{BBFCA44C-1397-4AA5-9E50-C0DB9A495BBF}.Debug|Any CPU.Build.0 = Debug|Any CPU
		{BBFCA44C-1397-4AA5-9E50-C0DB9A495BBF}.Release|Any CPU.ActiveCfg = Release|Any CPU
		{BBFCA44C-1397-4AA5-9E50-C0DB9A495BBF}.Release|Any CPU.Build.0 = Release|Any CPU
		{465C0D36-C81F-4250-9A86-D3CBDE27C3B7}.Debug|Any CPU.ActiveCfg = Debug|Any CPU
		{465C0D36-C81F-4250-9A86-D3CBDE27C3B7}.Debug|Any CPU.Build.0 = Debug|Any CPU
		{465C0D36-C81F-4250-9A86-D3CBDE27C3B7}.Release|Any CPU.ActiveCfg = Release|Any CPU
		{465C0D36-C81F-4250-9A86-D3CBDE27C3B7}.Release|Any CPU.Build.0 = Release|Any CPU
		{A3BE12F4-4EC7-4CA7-934D-FBA5116B6AF6}.Debug|Any CPU.ActiveCfg = Debug|Any CPU
		{A3BE12F4-4EC7-4CA7-934D-FBA5116B6AF6}.Debug|Any CPU.Build.0 = Debug|Any CPU
		{A3BE12F4-4EC7-4CA7-934D-FBA5116B6AF6}.Release|Any CPU.ActiveCfg = Release|Any CPU
		{A3BE12F4-4EC7-4CA7-934D-FBA5116B6AF6}.Release|Any CPU.Build.0 = Release|Any CPU
		{E237C134-624E-42AF-832C-AF3E1A4B9CAA}.Debug|Any CPU.ActiveCfg = Debug|Any CPU
		{E237C134-624E-42AF-832C-AF3E1A4B9CAA}.Debug|Any CPU.Build.0 = Debug|Any CPU
		{E237C134-624E-42AF-832C-AF3E1A4B9CAA}.Release|Any CPU.ActiveCfg = Release|Any CPU
		{E237C134-624E-42AF-832C-AF3E1A4B9CAA}.Release|Any CPU.Build.0 = Release|Any CPU
		{BF010CCD-5003-4FD8-AD64-79074BA956A9}.Debug|Any CPU.ActiveCfg = Debug|Any CPU
		{BF010CCD-5003-4FD8-AD64-79074BA956A9}.Debug|Any CPU.Build.0 = Debug|Any CPU
		{BF010CCD-5003-4FD8-AD64-79074BA956A9}.Release|Any CPU.ActiveCfg = Release|Any CPU
		{BF010CCD-5003-4FD8-AD64-79074BA956A9}.Release|Any CPU.Build.0 = Release|Any CPU
		{14363E94-88F9-45A4-BFD4-031EBAD281C0}.Debug|Any CPU.ActiveCfg = Debug|Any CPU
		{14363E94-88F9-45A4-BFD4-031EBAD281C0}.Debug|Any CPU.Build.0 = Debug|Any CPU
		{14363E94-88F9-45A4-BFD4-031EBAD281C0}.Release|Any CPU.ActiveCfg = Release|Any CPU
		{14363E94-88F9-45A4-BFD4-031EBAD281C0}.Release|Any CPU.Build.0 = Release|Any CPU
		{3422D2B1-0834-4A01-9DDF-78CF8477F0AF}.Debug|Any CPU.ActiveCfg = Debug|Any CPU
		{3422D2B1-0834-4A01-9DDF-78CF8477F0AF}.Debug|Any CPU.Build.0 = Debug|Any CPU
		{3422D2B1-0834-4A01-9DDF-78CF8477F0AF}.Release|Any CPU.ActiveCfg = Release|Any CPU
		{3422D2B1-0834-4A01-9DDF-78CF8477F0AF}.Release|Any CPU.Build.0 = Release|Any CPU
		{FC1961BE-3DE7-4DB6-99D8-A6934E0497C9}.Debug|Any CPU.ActiveCfg = Debug|Any CPU
		{FC1961BE-3DE7-4DB6-99D8-A6934E0497C9}.Debug|Any CPU.Build.0 = Debug|Any CPU
		{FC1961BE-3DE7-4DB6-99D8-A6934E0497C9}.Release|Any CPU.ActiveCfg = Release|Any CPU
		{FC1961BE-3DE7-4DB6-99D8-A6934E0497C9}.Release|Any CPU.Build.0 = Release|Any CPU
		{9434F5B0-073B-4B4A-AFF4-7CB791715AB7}.Debug|Any CPU.ActiveCfg = Debug|Any CPU
		{9434F5B0-073B-4B4A-AFF4-7CB791715AB7}.Debug|Any CPU.Build.0 = Debug|Any CPU
		{9434F5B0-073B-4B4A-AFF4-7CB791715AB7}.Release|Any CPU.ActiveCfg = Release|Any CPU
		{9434F5B0-073B-4B4A-AFF4-7CB791715AB7}.Release|Any CPU.Build.0 = Release|Any CPU
		{AF2DCBFC-04F8-446B-A9A9-84B20CF389C6}.Debug|Any CPU.ActiveCfg = Debug|Any CPU
		{AF2DCBFC-04F8-446B-A9A9-84B20CF389C6}.Debug|Any CPU.Build.0 = Debug|Any CPU
		{AF2DCBFC-04F8-446B-A9A9-84B20CF389C6}.Release|Any CPU.ActiveCfg = Release|Any CPU
		{AF2DCBFC-04F8-446B-A9A9-84B20CF389C6}.Release|Any CPU.Build.0 = Release|Any CPU
		{D1170D6D-8814-4AFC-A8C6-5E3AB39C0AD5}.Debug|Any CPU.ActiveCfg = Debug|Any CPU
		{D1170D6D-8814-4AFC-A8C6-5E3AB39C0AD5}.Debug|Any CPU.Build.0 = Debug|Any CPU
		{D1170D6D-8814-4AFC-A8C6-5E3AB39C0AD5}.Release|Any CPU.ActiveCfg = Release|Any CPU
		{D1170D6D-8814-4AFC-A8C6-5E3AB39C0AD5}.Release|Any CPU.Build.0 = Release|Any CPU
		{1582C9D2-971C-4B96-A32B-BECD0E4124FC}.Debug|Any CPU.ActiveCfg = Debug|Any CPU
		{1582C9D2-971C-4B96-A32B-BECD0E4124FC}.Debug|Any CPU.Build.0 = Debug|Any CPU
		{1582C9D2-971C-4B96-A32B-BECD0E4124FC}.Release|Any CPU.ActiveCfg = Release|Any CPU
		{1582C9D2-971C-4B96-A32B-BECD0E4124FC}.Release|Any CPU.Build.0 = Release|Any CPU
		{B0898491-6D35-4A0E-B428-D8EE4211AB5D}.Debug|Any CPU.ActiveCfg = Debug|Any CPU
		{B0898491-6D35-4A0E-B428-D8EE4211AB5D}.Debug|Any CPU.Build.0 = Debug|Any CPU
		{B0898491-6D35-4A0E-B428-D8EE4211AB5D}.Release|Any CPU.ActiveCfg = Release|Any CPU
		{B0898491-6D35-4A0E-B428-D8EE4211AB5D}.Release|Any CPU.Build.0 = Release|Any CPU
		{CF52EEE9-CCA5-4515-A14E-6F9B058468BC}.Debug|Any CPU.ActiveCfg = Debug|Any CPU
		{CF52EEE9-CCA5-4515-A14E-6F9B058468BC}.Debug|Any CPU.Build.0 = Debug|Any CPU
		{CF52EEE9-CCA5-4515-A14E-6F9B058468BC}.Release|Any CPU.ActiveCfg = Release|Any CPU
		{CF52EEE9-CCA5-4515-A14E-6F9B058468BC}.Release|Any CPU.Build.0 = Release|Any CPU
		{B4C73171-4F79-4D1F-8585-EF42239394D2}.Debug|Any CPU.ActiveCfg = Debug|Any CPU
		{B4C73171-4F79-4D1F-8585-EF42239394D2}.Debug|Any CPU.Build.0 = Debug|Any CPU
		{B4C73171-4F79-4D1F-8585-EF42239394D2}.Release|Any CPU.ActiveCfg = Release|Any CPU
		{B4C73171-4F79-4D1F-8585-EF42239394D2}.Release|Any CPU.Build.0 = Release|Any CPU
		{A6F0008F-9528-43A1-868F-E622072AF248}.Debug|Any CPU.ActiveCfg = Debug|Any CPU
		{A6F0008F-9528-43A1-868F-E622072AF248}.Debug|Any CPU.Build.0 = Debug|Any CPU
		{A6F0008F-9528-43A1-868F-E622072AF248}.Release|Any CPU.ActiveCfg = Release|Any CPU
		{A6F0008F-9528-43A1-868F-E622072AF248}.Release|Any CPU.Build.0 = Release|Any CPU
		{87105C7E-7C7A-41C2-AA6F-A75BB433B24C}.Debug|Any CPU.ActiveCfg = Debug|Any CPU
		{87105C7E-7C7A-41C2-AA6F-A75BB433B24C}.Debug|Any CPU.Build.0 = Debug|Any CPU
		{87105C7E-7C7A-41C2-AA6F-A75BB433B24C}.Release|Any CPU.ActiveCfg = Release|Any CPU
		{87105C7E-7C7A-41C2-AA6F-A75BB433B24C}.Release|Any CPU.Build.0 = Release|Any CPU
		{0FF5249E-4D51-42F1-95E2-C23F63F5BB94}.Debug|Any CPU.ActiveCfg = Debug|Any CPU
		{0FF5249E-4D51-42F1-95E2-C23F63F5BB94}.Debug|Any CPU.Build.0 = Debug|Any CPU
		{0FF5249E-4D51-42F1-95E2-C23F63F5BB94}.Release|Any CPU.ActiveCfg = Release|Any CPU
		{0FF5249E-4D51-42F1-95E2-C23F63F5BB94}.Release|Any CPU.Build.0 = Release|Any CPU
	EndGlobalSection
EndGlobal
